version = 1
requires-python = ">=3.11"

[[package]]
name = "fpdf"
version = "1.7.2"
source = { registry = "https://pypi.org/simple" }
sdist = { url = "https://files.pythonhosted.org/packages/37/c6/608a9e6c172bf9124aa687ec8b9f0e8e5d697d59a5f4fad0e2d5ec2a7556/fpdf-1.7.2.tar.gz", hash = "sha256:125840783289e7d12552b1e86ab692c37322e7a65b96a99e0ea86cca041b6779", size = 39504 }

[[package]]
name = "pypdf2"
version = "3.0.1"
source = { registry = "https://pypi.org/simple" }
sdist = { url = "https://files.pythonhosted.org/packages/9f/bb/18dc3062d37db6c491392007dfd1a7f524bb95886eb956569ac38a23a784/PyPDF2-3.0.1.tar.gz", hash = "sha256:a74408f69ba6271f71b9352ef4ed03dc53a31aa404d29b5d31f53bfecfee1440", size = 227419 }
wheels = [
    { url = "https://files.pythonhosted.org/packages/8e/5e/c86a5643653825d3c913719e788e41386bee415c2b87b4f955432f2de6b2/pypdf2-3.0.1-py3-none-any.whl", hash = "sha256:d16e4205cfee272fbdc0568b68d82be796540b1537508cef59388f839c191928", size = 232572 },
]

[[package]]
name = "repl-nix-workspace"
version = "0.1.0"
source = { virtual = "." }
dependencies = [
    { name = "fpdf" },
    { name = "pypdf2" },
]

[package.metadata]
requires-dist = [
    { name = "fpdf", specifier = ">=1.7.2" },
    { name = "pypdf2", specifier = ">=3.0.1" },
]
